uuid: 99f4c3d7-c61d-404c-bb65-ac3952be3da8
langcode: en
status: true
dependencies:
  content:
    - 'block_content:test_content_block:c8e882fc-c125-4e99-9bdd-b675c9bc15c8'
  module:
    - block_content
  theme:
    - transport_canada
id: transport_canada_testcontentblock
theme: transport_canada
region: header
weight: 0
provider: null
plugin: 'block_content:c8e882fc-c125-4e99-9bdd-b675c9bc15c8'
settings:
  id: 'block_content:c8e882fc-c125-4e99-9bdd-b675c9bc15c8'
  label: 'Test Content Block'
  label_display: visible
  provider: block_content
  status: true
  info: ''
  view_mode: full
visibility: {  }
